
Microsoft Visual Studio Solution File, Format Version 12.00
# Visual Studio 14
VisualStudioVersion = 14.0.25420.1
MinimumVisualStudioVersion = 10.0.40219.1
Project("{FAE04EC0-301F-11D3-BF4B-00C04F79EFBC}") = "HumanCreator", "02.HumanCreator\HumanCreator.csproj", "{9DF9606C-B572-4D40-98EE-7A6BF4CE3DB8}"
EndProject
Project("{FAE04EC0-301F-11D3-BF4B-00C04F79EFBC}") = "Minesweeper", "04.Minesweeper\Minesweeper.csproj", "{1D218806-D751-4DF1-B07C-7066BA9C0636}"
EndProject
Project("{FAE04EC0-301F-11D3-BF4B-00C04F79EFBC}") = "BoolAsString", "01.BoolAsString\BoolAsString.csproj", "{54F0F1DB-C3C1-470E-AF2E-C03CFA0EADD5}"
EndProject
Global
	GlobalSection(SolutionConfigurationPlatforms) = preSolution
		Debug|Any CPU = Debug|Any CPU
		Release|Any CPU = Release|Any CPU
	EndGlobalSection
	GlobalSection(ProjectConfigurationPlatforms) = postSolution
		{9DF9606C-B572-4D40-98EE-7A6BF4CE3DB8}.Debug|Any CPU.ActiveCfg = Debug|Any CPU
		{9DF9606C-B572-4D40-98EE-7A6BF4CE3DB8}.Debug|Any CPU.Build.0 = Debug|Any CPU
		{9DF9606C-B572-4D40-98EE-7A6BF4CE3DB8}.Release|Any CPU.ActiveCfg = Release|Any CPU
		{9DF9606C-B572-4D40-98EE-7A6BF4CE3DB8}.Release|Any CPU.Build.0 = Release|Any CPU
		{1D218806-D751-4DF1-B07C-7066BA9C0636}.Debug|Any CPU.ActiveCfg = Debug|Any CPU
		{1D218806-D751-4DF1-B07C-7066BA9C0636}.Debug|Any CPU.Build.0 = Debug|Any CPU
		{1D218806-D751-4DF1-B07C-7066BA9C0636}.Release|Any CPU.ActiveCfg = Release|Any CPU
		{1D218806-D751-4DF1-B07C-7066BA9C0636}.Release|Any CPU.Build.0 = Release|Any CPU
		{54F0F1DB-C3C1-470E-AF2E-C03CFA0EADD5}.Debug|Any CPU.ActiveCfg = Debug|Any CPU
		{54F0F1DB-C3C1-470E-AF2E-C03CFA0EADD5}.Debug|Any CPU.Build.0 = Debug|Any CPU
		{54F0F1DB-C3C1-470E-AF2E-C03CFA0EADD5}.Release|Any CPU.ActiveCfg = Release|Any CPU
		{54F0F1DB-C3C1-470E-AF2E-C03CFA0EADD5}.Release|Any CPU.Build.0 = Release|Any CPU
	EndGlobalSection
	GlobalSection(SolutionProperties) = preSolution
		HideSolutionNode = FALSE
	EndGlobalSection
EndGlobal
