
Microsoft Visual Studio Solution File, Format Version 12.00
# Visual Studio 14
VisualStudioVersion = 14.0.25420.1
MinimumVisualStudioVersion = 10.0.40219.1
Project("{FAE04EC0-301F-11D3-BF4B-00C04F79EFBC}") = "Statistics", "02.Statistics\Statistics.csproj", "{AFB03A81-AC6B-4592-B194-D417A16945FC}"
EndProject
Project("{FAE04EC0-301F-11D3-BF4B-00C04F79EFBC}") = "Dimensions", "01.Dimensions\Dimensions.csproj", "{A87638BB-CDD4-49B5-AF39-1A428F6DBD6D}"
EndProject
Global
	GlobalSection(SolutionConfigurationPlatforms) = preSolution
		Debug|Any CPU = Debug|Any CPU
		Release|Any CPU = Release|Any CPU
	EndGlobalSection
	GlobalSection(ProjectConfigurationPlatforms) = postSolution
		{AFB03A81-AC6B-4592-B194-D417A16945FC}.Debug|Any CPU.ActiveCfg = Debug|Any CPU
		{AFB03A81-AC6B-4592-B194-D417A16945FC}.Debug|Any CPU.Build.0 = Debug|Any CPU
		{AFB03A81-AC6B-4592-B194-D417A16945FC}.Release|Any CPU.ActiveCfg = Release|Any CPU
		{AFB03A81-AC6B-4592-B194-D417A16945FC}.Release|Any CPU.Build.0 = Release|Any CPU
		{A87638BB-CDD4-49B5-AF39-1A428F6DBD6D}.Debug|Any CPU.ActiveCfg = Debug|Any CPU
		{A87638BB-CDD4-49B5-AF39-1A428F6DBD6D}.Debug|Any CPU.Build.0 = Debug|Any CPU
		{A87638BB-CDD4-49B5-AF39-1A428F6DBD6D}.Release|Any CPU.ActiveCfg = Release|Any CPU
		{A87638BB-CDD4-49B5-AF39-1A428F6DBD6D}.Release|Any CPU.Build.0 = Release|Any CPU
	EndGlobalSection
	GlobalSection(SolutionProperties) = preSolution
		HideSolutionNode = FALSE
	EndGlobalSection
EndGlobal
