
Microsoft Visual Studio Solution File, Format Version 12.00
# Visual Studio 14
VisualStudioVersion = 14.0.25420.1
MinimumVisualStudioVersion = 10.0.40219.1
Project("{FAE04EC0-301F-11D3-BF4B-00C04F79EFBC}") = "Problem 01. ExchangeIfGreater", "Problem 01. ExchangeIfGreater\Problem 01. ExchangeIfGreater.csproj", "{0D265DDC-9BB0-4E05-BA4E-FA3BE4587AA7}"
EndProject
Project("{FAE04EC0-301F-11D3-BF4B-00C04F79EFBC}") = "Problem 02. BonusScore", "Problem 02. BonusScore\Problem 02. BonusScore.csproj", "{960A7293-3254-4C62-9940-4850372C92A6}"
EndProject
Project("{FAE04EC0-301F-11D3-BF4B-00C04F79EFBC}") = "Problem 03. CheckForAPlayCard", "Problem 03. CheckForAPlayCard\Problem 03. CheckForAPlayCard.csproj", "{E7FEE30E-D793-4DF4-8ACE-EB680B1A4281}"
EndProject
Project("{FAE04EC0-301F-11D3-BF4B-00C04F79EFBC}") = "Problem 04. MultiplicationSign", "Problem 04. MultiplicationSign\Problem 04. MultiplicationSign.csproj", "{CCDFD86F-3E62-4639-ABE2-2500F4361341}"
EndProject
Project("{FAE04EC0-301F-11D3-BF4B-00C04F79EFBC}") = "Problem 05. TheBiggestOf3Numbers", "Problem 05. TheBiggestOf3Numbers\Problem 05. TheBiggestOf3Numbers.csproj", "{7DA7C597-C836-4AEB-8544-A2B7054E8D95}"
EndProject
Project("{FAE04EC0-301F-11D3-BF4B-00C04F79EFBC}") = "Problem 06. TheBiggestОfFiveNumbers", "Problem 06. TheBiggestОfFiveNumbers\Problem 06. TheBiggestОfFiveNumbers.csproj", "{A77813C8-0111-4D27-AA18-A8512A709A86}"
EndProject
Project("{FAE04EC0-301F-11D3-BF4B-00C04F79EFBC}") = "Problem 07. Sort3NumbersWithNestedIfs", "Problem 07. Sort3NumbersWithNestedIfs\Problem 07. Sort3NumbersWithNestedIfs.csproj", "{4D964FFC-8254-4CE1-B6A1-FF943DABF0D6}"
EndProject
Project("{FAE04EC0-301F-11D3-BF4B-00C04F79EFBC}") = "Problem 08. DigitAsWord", "Problem 08. DigitAsWord\Problem 08. DigitAsWord.csproj", "{DD6ABD21-155D-49D3-A44E-36211398848C}"
EndProject
Project("{FAE04EC0-301F-11D3-BF4B-00C04F79EFBC}") = "Problem 09. IntDoubleAndString", "Problem 09. IntDoubleAndString\Problem 09. IntDoubleAndString.csproj", "{CEBEA034-F326-4C8D-A28C-112AAFC8977D}"
EndProject
Global
	GlobalSection(SolutionConfigurationPlatforms) = preSolution
		Debug|Any CPU = Debug|Any CPU
		Release|Any CPU = Release|Any CPU
	EndGlobalSection
	GlobalSection(ProjectConfigurationPlatforms) = postSolution
		{0D265DDC-9BB0-4E05-BA4E-FA3BE4587AA7}.Debug|Any CPU.ActiveCfg = Debug|Any CPU
		{0D265DDC-9BB0-4E05-BA4E-FA3BE4587AA7}.Debug|Any CPU.Build.0 = Debug|Any CPU
		{0D265DDC-9BB0-4E05-BA4E-FA3BE4587AA7}.Release|Any CPU.ActiveCfg = Release|Any CPU
		{0D265DDC-9BB0-4E05-BA4E-FA3BE4587AA7}.Release|Any CPU.Build.0 = Release|Any CPU
		{960A7293-3254-4C62-9940-4850372C92A6}.Debug|Any CPU.ActiveCfg = Debug|Any CPU
		{960A7293-3254-4C62-9940-4850372C92A6}.Debug|Any CPU.Build.0 = Debug|Any CPU
		{960A7293-3254-4C62-9940-4850372C92A6}.Release|Any CPU.ActiveCfg = Release|Any CPU
		{960A7293-3254-4C62-9940-4850372C92A6}.Release|Any CPU.Build.0 = Release|Any CPU
		{E7FEE30E-D793-4DF4-8ACE-EB680B1A4281}.Debug|Any CPU.ActiveCfg = Debug|Any CPU
		{E7FEE30E-D793-4DF4-8ACE-EB680B1A4281}.Debug|Any CPU.Build.0 = Debug|Any CPU
		{E7FEE30E-D793-4DF4-8ACE-EB680B1A4281}.Release|Any CPU.ActiveCfg = Release|Any CPU
		{E7FEE30E-D793-4DF4-8ACE-EB680B1A4281}.Release|Any CPU.Build.0 = Release|Any CPU
		{CCDFD86F-3E62-4639-ABE2-2500F4361341}.Debug|Any CPU.ActiveCfg = Debug|Any CPU
		{CCDFD86F-3E62-4639-ABE2-2500F4361341}.Debug|Any CPU.Build.0 = Debug|Any CPU
		{CCDFD86F-3E62-4639-ABE2-2500F4361341}.Release|Any CPU.ActiveCfg = Release|Any CPU
		{CCDFD86F-3E62-4639-ABE2-2500F4361341}.Release|Any CPU.Build.0 = Release|Any CPU
		{7DA7C597-C836-4AEB-8544-A2B7054E8D95}.Debug|Any CPU.ActiveCfg = Debug|Any CPU
		{7DA7C597-C836-4AEB-8544-A2B7054E8D95}.Debug|Any CPU.Build.0 = Debug|Any CPU
		{7DA7C597-C836-4AEB-8544-A2B7054E8D95}.Release|Any CPU.ActiveCfg = Release|Any CPU
		{7DA7C597-C836-4AEB-8544-A2B7054E8D95}.Release|Any CPU.Build.0 = Release|Any CPU
		{A77813C8-0111-4D27-AA18-A8512A709A86}.Debug|Any CPU.ActiveCfg = Debug|Any CPU
		{A77813C8-0111-4D27-AA18-A8512A709A86}.Debug|Any CPU.Build.0 = Debug|Any CPU
		{A77813C8-0111-4D27-AA18-A8512A709A86}.Release|Any CPU.ActiveCfg = Release|Any CPU
		{A77813C8-0111-4D27-AA18-A8512A709A86}.Release|Any CPU.Build.0 = Release|Any CPU
		{4D964FFC-8254-4CE1-B6A1-FF943DABF0D6}.Debug|Any CPU.ActiveCfg = Debug|Any CPU
		{4D964FFC-8254-4CE1-B6A1-FF943DABF0D6}.Debug|Any CPU.Build.0 = Debug|Any CPU
		{4D964FFC-8254-4CE1-B6A1-FF943DABF0D6}.Release|Any CPU.ActiveCfg = Release|Any CPU
		{4D964FFC-8254-4CE1-B6A1-FF943DABF0D6}.Release|Any CPU.Build.0 = Release|Any CPU
		{DD6ABD21-155D-49D3-A44E-36211398848C}.Debug|Any CPU.ActiveCfg = Debug|Any CPU
		{DD6ABD21-155D-49D3-A44E-36211398848C}.Debug|Any CPU.Build.0 = Debug|Any CPU
		{DD6ABD21-155D-49D3-A44E-36211398848C}.Release|Any CPU.ActiveCfg = Release|Any CPU
		{DD6ABD21-155D-49D3-A44E-36211398848C}.Release|Any CPU.Build.0 = Release|Any CPU
		{CEBEA034-F326-4C8D-A28C-112AAFC8977D}.Debug|Any CPU.ActiveCfg = Debug|Any CPU
		{CEBEA034-F326-4C8D-A28C-112AAFC8977D}.Debug|Any CPU.Build.0 = Debug|Any CPU
		{CEBEA034-F326-4C8D-A28C-112AAFC8977D}.Release|Any CPU.ActiveCfg = Release|Any CPU
		{CEBEA034-F326-4C8D-A28C-112AAFC8977D}.Release|Any CPU.Build.0 = Release|Any CPU
	EndGlobalSection
	GlobalSection(SolutionProperties) = preSolution
		HideSolutionNode = FALSE
	EndGlobalSection
EndGlobal
